
Microsoft Visual Studio Solution File, Format Version 12.00
# Visual Studio Version 17
VisualStudioVersion = 17.0.31903.59
MinimumVisualStudioVersion = 10.0.40219.1
Project("{FAE04EC0-301F-11D3-BF4B-00C04F79EFBC}") = "Dev.Editor", "Dev.Editor\Dev.Editor.csproj", "{7B147EAD-3F85-4651-8F37-6AA0F33CD909}"
EndProject
Project("{FAE04EC0-301F-11D3-BF4B-00C04F79EFBC}") = "Dev.Editor.Dependencies", "Dev.Editor.Dependencies\Dev.Editor.Dependencies.csproj", "{D7A60CDD-0B9B-4655-A67E-403DA8B5B6A9}"
EndProject
Project("{FAE04EC0-301F-11D3-BF4B-00C04F79EFBC}") = "Dev.Editor.BusinessLogic", "Dev.Editor.BusinessLogic\Dev.Editor.BusinessLogic.csproj", "{54F5A82E-A15F-4B68-B074-A3E2EDD7D7EF}"
EndProject
Project("{FAE04EC0-301F-11D3-BF4B-00C04F79EFBC}") = "Dev.Editor.Common", "Dev.Editor.Common\Dev.Editor.Common.csproj", "{B40F69AF-B0C3-4153-B68D-8945787242C7}"
EndProject
Project("{9A19103F-16F7-4668-BE54-9A1E7A4F7556}") = "ICSharpCode.AvalonEdit", "ICSharpCode.AvalonEdit\ICSharpCode.AvalonEdit.csproj", "{7DF2E8A9-9EB7-442C-91B4-073DAC5EB54C}"
EndProject
Project("{FAE04EC0-301F-11D3-BF4B-00C04F79EFBC}") = "Dev.Editor.Resources", "Dev.Editor.Resources\Dev.Editor.Resources.csproj", "{6F537829-9BF6-428C-95FD-00170E8ACC60}"
EndProject
Project("{FAE04EC0-301F-11D3-BF4B-00C04F79EFBC}") = "Dev.Editor.Configuration", "Dev.Editor.Configuration\Dev.Editor.Configuration.csproj", "{52CB68E9-E47A-4412-A870-D5D534111434}"
EndProject
Project("{FAE04EC0-301F-11D3-BF4B-00C04F79EFBC}") = "ICSharpCode.AvalonEdit.Dev.Editor", "ICSharpCode.AvalonEdit.Dev.Editor\ICSharpCode.AvalonEdit.Dev.Editor.csproj", "{6E2C1F8C-8858-4F4B-B0F6-DD13DB8DDF73}"
EndProject
Project("{2150E333-8FDC-42A3-9474-1A3956D46DE8}") = "Documentation", "Documentation", "{5FA3A783-0CD8-49D0-B9A7-317CC1BFBBAF}"
	ProjectSection(SolutionItems) = preProject
		UsedWorks.txt = UsedWorks.txt
	EndProjectSection
EndProject
Project("{2150E333-8FDC-42A3-9474-1A3956D46DE8}") = "Controls", "Controls", "{EF6E9DD8-A935-4F09-8BC8-50AA24422772}"
EndProject
Project("{2150E333-8FDC-42A3-9474-1A3956D46DE8}") = "AvalonEdit", "AvalonEdit", "{16267731-9E88-464C-BA08-8CA6D177047E}"
EndProject
Project("{FAE04EC0-301F-11D3-BF4B-00C04F79EFBC}") = "Dev.Editor.BinAnalyzer", "Dev.Editor.BinAnalyzer\Dev.Editor.BinAnalyzer.csproj", "{A8D1529F-2CA1-4F58-86B6-7A3F69E49575}"
EndProject
Project("{2150E333-8FDC-42A3-9474-1A3956D46DE8}") = "Solution Items", "Solution Items", "{6AD221B8-09CB-4918-A00C-0C858E1E872A}"
	ProjectSection(SolutionItems) = preProject
		Changelog.txt = Changelog.txt
	EndProjectSection
EndProject
Global
	GlobalSection(SolutionConfigurationPlatforms) = preSolution
		Debug|Any CPU = Debug|Any CPU
		Release|Any CPU = Release|Any CPU
	EndGlobalSection
	GlobalSection(ProjectConfigurationPlatforms) = postSolution
		{7B147EAD-3F85-4651-8F37-6AA0F33CD909}.Debug|Any CPU.ActiveCfg = Debug|Any CPU
		{7B147EAD-3F85-4651-8F37-6AA0F33CD909}.Debug|Any CPU.Build.0 = Debug|Any CPU
		{7B147EAD-3F85-4651-8F37-6AA0F33CD909}.Release|Any CPU.ActiveCfg = Release|Any CPU
		{7B147EAD-3F85-4651-8F37-6AA0F33CD909}.Release|Any CPU.Build.0 = Release|Any CPU
		{D7A60CDD-0B9B-4655-A67E-403DA8B5B6A9}.Debug|Any CPU.ActiveCfg = Debug|Any CPU
		{D7A60CDD-0B9B-4655-A67E-403DA8B5B6A9}.Debug|Any CPU.Build.0 = Debug|Any CPU
		{D7A60CDD-0B9B-4655-A67E-403DA8B5B6A9}.Release|Any CPU.ActiveCfg = Release|Any CPU
		{D7A60CDD-0B9B-4655-A67E-403DA8B5B6A9}.Release|Any CPU.Build.0 = Release|Any CPU
		{54F5A82E-A15F-4B68-B074-A3E2EDD7D7EF}.Debug|Any CPU.ActiveCfg = Debug|Any CPU
		{54F5A82E-A15F-4B68-B074-A3E2EDD7D7EF}.Debug|Any CPU.Build.0 = Debug|Any CPU
		{54F5A82E-A15F-4B68-B074-A3E2EDD7D7EF}.Release|Any CPU.ActiveCfg = Release|Any CPU
		{54F5A82E-A15F-4B68-B074-A3E2EDD7D7EF}.Release|Any CPU.Build.0 = Release|Any CPU
		{B40F69AF-B0C3-4153-B68D-8945787242C7}.Debug|Any CPU.ActiveCfg = Debug|Any CPU
		{B40F69AF-B0C3-4153-B68D-8945787242C7}.Debug|Any CPU.Build.0 = Debug|Any CPU
		{B40F69AF-B0C3-4153-B68D-8945787242C7}.Release|Any CPU.ActiveCfg = Release|Any CPU
		{B40F69AF-B0C3-4153-B68D-8945787242C7}.Release|Any CPU.Build.0 = Release|Any CPU
		{7DF2E8A9-9EB7-442C-91B4-073DAC5EB54C}.Debug|Any CPU.ActiveCfg = Debug|Any CPU
		{7DF2E8A9-9EB7-442C-91B4-073DAC5EB54C}.Debug|Any CPU.Build.0 = Debug|Any CPU
		{7DF2E8A9-9EB7-442C-91B4-073DAC5EB54C}.Release|Any CPU.ActiveCfg = Release|Any CPU
		{7DF2E8A9-9EB7-442C-91B4-073DAC5EB54C}.Release|Any CPU.Build.0 = Release|Any CPU
		{6F537829-9BF6-428C-95FD-00170E8ACC60}.Debug|Any CPU.ActiveCfg = Debug|Any CPU
		{6F537829-9BF6-428C-95FD-00170E8ACC60}.Debug|Any CPU.Build.0 = Debug|Any CPU
		{6F537829-9BF6-428C-95FD-00170E8ACC60}.Release|Any CPU.ActiveCfg = Release|Any CPU
		{6F537829-9BF6-428C-95FD-00170E8ACC60}.Release|Any CPU.Build.0 = Release|Any CPU
		{52CB68E9-E47A-4412-A870-D5D534111434}.Debug|Any CPU.ActiveCfg = Debug|Any CPU
		{52CB68E9-E47A-4412-A870-D5D534111434}.Debug|Any CPU.Build.0 = Debug|Any CPU
		{52CB68E9-E47A-4412-A870-D5D534111434}.Release|Any CPU.ActiveCfg = Release|Any CPU
		{52CB68E9-E47A-4412-A870-D5D534111434}.Release|Any CPU.Build.0 = Release|Any CPU
		{6E2C1F8C-8858-4F4B-B0F6-DD13DB8DDF73}.Debug|Any CPU.ActiveCfg = Debug|Any CPU
		{6E2C1F8C-8858-4F4B-B0F6-DD13DB8DDF73}.Debug|Any CPU.Build.0 = Debug|Any CPU
		{6E2C1F8C-8858-4F4B-B0F6-DD13DB8DDF73}.Release|Any CPU.ActiveCfg = Release|Any CPU
		{6E2C1F8C-8858-4F4B-B0F6-DD13DB8DDF73}.Release|Any CPU.Build.0 = Release|Any CPU
		{A8D1529F-2CA1-4F58-86B6-7A3F69E49575}.Debug|Any CPU.ActiveCfg = Debug|Any CPU
		{A8D1529F-2CA1-4F58-86B6-7A3F69E49575}.Debug|Any CPU.Build.0 = Debug|Any CPU
		{A8D1529F-2CA1-4F58-86B6-7A3F69E49575}.Release|Any CPU.ActiveCfg = Release|Any CPU
		{A8D1529F-2CA1-4F58-86B6-7A3F69E49575}.Release|Any CPU.Build.0 = Release|Any CPU
	EndGlobalSection
	GlobalSection(SolutionProperties) = preSolution
		HideSolutionNode = FALSE
	EndGlobalSection
	GlobalSection(NestedProjects) = preSolution
		{7DF2E8A9-9EB7-442C-91B4-073DAC5EB54C} = {16267731-9E88-464C-BA08-8CA6D177047E}
		{6E2C1F8C-8858-4F4B-B0F6-DD13DB8DDF73} = {16267731-9E88-464C-BA08-8CA6D177047E}
		{16267731-9E88-464C-BA08-8CA6D177047E} = {EF6E9DD8-A935-4F09-8BC8-50AA24422772}
	EndGlobalSection
	GlobalSection(ExtensibilityGlobals) = postSolution
		SolutionGuid = {D58D1EF1-69A7-460C-A8F5-5EC9654761C4}
	EndGlobalSection
EndGlobal
